
Microsoft Visual Studio Solution File, Format Version 12.00
# Visual Studio Version 17
VisualStudioVersion = 17.0.31912.275
MinimumVisualStudioVersion = 10.0.40219.1
Project("{8BC9CEB8-8B4A-11D0-8D11-00A0C91BC942}") = "Task_1", "Task_1\Task_1.vcxproj", "{18D175EA-6CDB-4341-AEA5-9C518E1ADA54}"
EndProject
Global
	GlobalSection(SolutionConfigurationPlatforms) = preSolution
		Debug|x64 = Debug|x64
		Debug|x86 = Debug|x86
		Release|x64 = Release|x64
		Release|x86 = Release|x86
	EndGlobalSection
	GlobalSection(ProjectConfigurationPlatforms) = postSolution
		{18D175EA-6CDB-4341-AEA5-9C518E1ADA54}.Debug|x64.ActiveCfg = Debug|x64
		{18D175EA-6CDB-4341-AEA5-9C518E1ADA54}.Debug|x64.Build.0 = Debug|x64
		{18D175EA-6CDB-4341-AEA5-9C518E1ADA54}.Debug|x86.ActiveCfg = Debug|Win32
		{18D175EA-6CDB-4341-AEA5-9C518E1ADA54}.Debug|x86.Build.0 = Debug|Win32
		{18D175EA-6CDB-4341-AEA5-9C518E1ADA54}.Release|x64.ActiveCfg = Release|x64
		{18D175EA-6CDB-4341-AEA5-9C518E1ADA54}.Release|x64.Build.0 = Release|x64
		{18D175EA-6CDB-4341-AEA5-9C518E1ADA54}.Release|x86.ActiveCfg = Release|Win32
		{18D175EA-6CDB-4341-AEA5-9C518E1ADA54}.Release|x86.Build.0 = Release|Win32
	EndGlobalSection
	GlobalSection(SolutionProperties) = preSolution
		HideSolutionNode = FALSE
	EndGlobalSection
	GlobalSection(ExtensibilityGlobals) = postSolution
		SolutionGuid = {6EC9A822-3785-40A6-9159-CE745624AAD1}
	EndGlobalSection
EndGlobal
